
Microsoft Visual Studio Solution File, Format Version 12.00
# Visual Studio 15
VisualStudioVersion = 15.0.27004.2006
MinimumVisualStudioVersion = 10.0.40219.1
Project("{FAE04EC0-301F-11D3-BF4B-00C04F79EFBC}") = "Simple Logger", "Simple Logger\Simple Logger.csproj", "{3ACFFC83-1747-41A0-9E60-98983B7D975C}"
EndProject
Global
	GlobalSection(SolutionConfigurationPlatforms) = preSolution
		Debug|Any CPU = Debug|Any CPU
		Release|Any CPU = Release|Any CPU
	EndGlobalSection
	GlobalSection(ProjectConfigurationPlatforms) = postSolution
		{3ACFFC83-1747-41A0-9E60-98983B7D975C}.Debug|Any CPU.ActiveCfg = Debug|Any CPU
		{3ACFFC83-1747-41A0-9E60-98983B7D975C}.Debug|Any CPU.Build.0 = Debug|Any CPU
		{3ACFFC83-1747-41A0-9E60-98983B7D975C}.Release|Any CPU.ActiveCfg = Release|Any CPU
		{3ACFFC83-1747-41A0-9E60-98983B7D975C}.Release|Any CPU.Build.0 = Release|Any CPU
	EndGlobalSection
	GlobalSection(SolutionProperties) = preSolution
		HideSolutionNode = FALSE
	EndGlobalSection
	GlobalSection(ExtensibilityGlobals) = postSolution
		SolutionGuid = {D71A39ED-8A14-4A4D-B31C-87EC95C78ED5}
	EndGlobalSection
EndGlobal
